// !$*UTF8*$!
{
	archiveVersion = 1;
	classes = {
	};
	objectVersion = 56;
	objects = {

/* Begin PBXBuildFile section */
		D3AB8DF52AF43CB200FED499 /* GymAppApp.swift in Sources */ = {isa = PBXBuildFile; fileRef = D3AB8DF42AF43CB200FED499 /* GymAppApp.swift */; };
		D3AB8DF92AF43CB200FED499 /* Exercise.swift in Sources */ = {isa = PBXBuildFile; fileRef = D3AB8DF82AF43CB200FED499 /* Exercise.swift */; };
		D3AB8DFB2AF43CB300FED499 /* Assets.xcassets in Resources */ = {isa = PBXBuildFile; fileRef = D3AB8DFA2AF43CB300FED499 /* Assets.xcassets */; };
		D3AB8DFE2AF43CB300FED499 /* Preview Assets.xcassets in Resources */ = {isa = PBXBuildFile; fileRef = D3AB8DFD2AF43CB300FED499 /* Preview Assets.xcassets */; };
		D3AB8E092AF43D8400FED499 /* MainView.swift in Sources */ = {isa = PBXBuildFile; fileRef = D3AB8E082AF43D8400FED499 /* MainView.swift */; };
		D3AB8E0B2AF43DC900FED499 /* PathType.swift in Sources */ = {isa = PBXBuildFile; fileRef = D3AB8E0A2AF43DC900FED499 /* PathType.swift */; };
		D3AB8E112AF43F5A00FED499 /* InicialExercisesView.swift in Sources */ = {isa = PBXBuildFile; fileRef = D3AB8E102AF43F5A00FED499 /* InicialExercisesView.swift */; };
		D3AB8E132AF43F6B00FED499 /* InicialExercisesViewModel.swift in Sources */ = {isa = PBXBuildFile; fileRef = D3AB8E122AF43F6B00FED499 /* InicialExercisesViewModel.swift */; };
		D3AB8E172AF44E7100FED499 /* Teste.swift in Sources */ = {isa = PBXBuildFile; fileRef = D3AB8E162AF44E7100FED499 /* Teste.swift */; };
		D3E2EC792AF48E57006E1645 /* NewExerciseView.swift in Sources */ = {isa = PBXBuildFile; fileRef = D3E2EC782AF48E57006E1645 /* NewExerciseView.swift */; };
		D3E2EC7B2AF494A5006E1645 /* Carga.swift in Sources */ = {isa = PBXBuildFile; fileRef = D3E2EC7A2AF494A5006E1645 /* Carga.swift */; };
		D3E2EC7D2AF494D6006E1645 /* MusculoEnum.swift in Sources */ = {isa = PBXBuildFile; fileRef = D3E2EC7C2AF494D6006E1645 /* MusculoEnum.swift */; };
/* End PBXBuildFile section */

/* Begin PBXFileReference section */
		D3AB8DF12AF43CB200FED499 /* GymApp.app */ = {isa = PBXFileReference; explicitFileType = wrapper.application; includeInIndex = 0; path = GymApp.app; sourceTree = BUILT_PRODUCTS_DIR; };
		D3AB8DF42AF43CB200FED499 /* GymAppApp.swift */ = {isa = PBXFileReference; lastKnownFileType = sourcecode.swift; path = GymAppApp.swift; sourceTree = "<group>"; };
		D3AB8DF82AF43CB200FED499 /* Exercise.swift */ = {isa = PBXFileReference; lastKnownFileType = sourcecode.swift; path = Exercise.swift; sourceTree = "<group>"; };
		D3AB8DFA2AF43CB300FED499 /* Assets.xcassets */ = {isa = PBXFileReference; lastKnownFileType = folder.assetcatalog; path = Assets.xcassets; sourceTree = "<group>"; };
		D3AB8DFD2AF43CB300FED499 /* Preview Assets.xcassets */ = {isa = PBXFileReference; lastKnownFileType = folder.assetcatalog; path = "Preview Assets.xcassets"; sourceTree = "<group>"; };
		D3AB8DFF2AF43CB300FED499 /* GymApp.entitlements */ = {isa = PBXFileReference; lastKnownFileType = text.plist.entitlements; path = GymApp.entitlements; sourceTree = "<group>"; };
		D3AB8E002AF43CB300FED499 /* Info.plist */ = {isa = PBXFileReference; lastKnownFileType = text.plist.xml; path = Info.plist; sourceTree = "<group>"; };
		D3AB8E082AF43D8400FED499 /* MainView.swift */ = {isa = PBXFileReference; lastKnownFileType = sourcecode.swift; path = MainView.swift; sourceTree = "<group>"; };
		D3AB8E0A2AF43DC900FED499 /* PathType.swift */ = {isa = PBXFileReference; lastKnownFileType = sourcecode.swift; path = PathType.swift; sourceTree = "<group>"; };
		D3AB8E102AF43F5A00FED499 /* InicialExercisesView.swift */ = {isa = PBXFileReference; lastKnownFileType = sourcecode.swift; path = InicialExercisesView.swift; sourceTree = "<group>"; };
		D3AB8E122AF43F6B00FED499 /* InicialExercisesViewModel.swift */ = {isa = PBXFileReference; lastKnownFileType = sourcecode.swift; path = InicialExercisesViewModel.swift; sourceTree = "<group>"; };
		D3AB8E162AF44E7100FED499 /* Teste.swift */ = {isa = PBXFileReference; lastKnownFileType = sourcecode.swift; path = Teste.swift; sourceTree = "<group>"; };
		D3E2EC782AF48E57006E1645 /* NewExerciseView.swift */ = {isa = PBXFileReference; lastKnownFileType = sourcecode.swift; path = NewExerciseView.swift; sourceTree = "<group>"; };
		D3E2EC7A2AF494A5006E1645 /* Carga.swift */ = {isa = PBXFileReference; lastKnownFileType = sourcecode.swift; path = Carga.swift; sourceTree = "<group>"; };
		D3E2EC7C2AF494D6006E1645 /* MusculoEnum.swift */ = {isa = PBXFileReference; lastKnownFileType = sourcecode.swift; path = MusculoEnum.swift; sourceTree = "<group>"; };
/* End PBXFileReference section */

/* Begin PBXFrameworksBuildPhase section */
		D3AB8DEE2AF43CB200FED499 /* Frameworks */ = {
			isa = PBXFrameworksBuildPhase;
			buildActionMask = 2147483647;
			files = (
			);
			runOnlyForDeploymentPostprocessing = 0;
		};
/* End PBXFrameworksBuildPhase section */

/* Begin PBXGroup section */
		D3AB8DE82AF43CB200FED499 = {
			isa = PBXGroup;
			children = (
				D3AB8DF32AF43CB200FED499 /* GymApp */,
				D3AB8DF22AF43CB200FED499 /* Products */,
			);
			sourceTree = "<group>";
		};
		D3AB8DF22AF43CB200FED499 /* Products */ = {
			isa = PBXGroup;
			children = (
				D3AB8DF12AF43CB200FED499 /* GymApp.app */,
			);
			name = Products;
			sourceTree = "<group>";
		};
		D3AB8DF32AF43CB200FED499 /* GymApp */ = {
			isa = PBXGroup;
			children = (
				D3AB8DF42AF43CB200FED499 /* GymAppApp.swift */,
				D3AB8E072AF43D1F00FED499 /* Models */,
				D3AB8E062AF43D1600FED499 /* Scenes */,
				D3AB8DFA2AF43CB300FED499 /* Assets.xcassets */,
				D3AB8DFF2AF43CB300FED499 /* GymApp.entitlements */,
				D3AB8E002AF43CB300FED499 /* Info.plist */,
				D3AB8DFC2AF43CB300FED499 /* Preview Content */,
				D3AB8E162AF44E7100FED499 /* Teste.swift */,
			);
			path = GymApp;
			sourceTree = "<group>";
		};
		D3AB8DFC2AF43CB300FED499 /* Preview Content */ = {
			isa = PBXGroup;
			children = (
				D3AB8DFD2AF43CB300FED499 /* Preview Assets.xcassets */,
			);
			path = "Preview Content";
			sourceTree = "<group>";
		};
		D3AB8E062AF43D1600FED499 /* Scenes */ = {
			isa = PBXGroup;
			children = (
				D3AB8E082AF43D8400FED499 /* MainView.swift */,
				D3AB8E0C2AF43E8D00FED499 /* Treino */,
				D3AB8E0D2AF43E9600FED499 /* Exercises */,
			);
			path = Scenes;
			sourceTree = "<group>";
		};
		D3AB8E072AF43D1F00FED499 /* Models */ = {
			isa = PBXGroup;
			children = (
				D3AB8DF82AF43CB200FED499 /* Exercise.swift */,
				D3E2EC7C2AF494D6006E1645 /* MusculoEnum.swift */,
				D3E2EC7A2AF494A5006E1645 /* Carga.swift */,
				D3AB8E0A2AF43DC900FED499 /* PathType.swift */,
			);
			path = Models;
			sourceTree = "<group>";
		};
		D3AB8E0C2AF43E8D00FED499 /* Treino */ = {
			isa = PBXGroup;
			children = (
				D3AB8E0E2AF43EC500FED499 /* InicialTrain */,
			);
			path = Treino;
			sourceTree = "<group>";
		};
		D3AB8E0D2AF43E9600FED499 /* Exercises */ = {
			isa = PBXGroup;
			children = (
				D3AB8E0F2AF43EF200FED499 /* InicialExercises */,
				D3E2EC772AF48E35006E1645 /* NewExercise */,
			);
			path = Exercises;
			sourceTree = "<group>";
		};
		D3AB8E0E2AF43EC500FED499 /* InicialTrain */ = {
			isa = PBXGroup;
			children = (
			);
			path = InicialTrain;
			sourceTree = "<group>";
		};
		D3AB8E0F2AF43EF200FED499 /* InicialExercises */ = {
			isa = PBXGroup;
			children = (
				D3AB8E102AF43F5A00FED499 /* InicialExercisesView.swift */,
				D3AB8E122AF43F6B00FED499 /* InicialExercisesViewModel.swift */,
			);
			path = InicialExercises;
			sourceTree = "<group>";
		};
		D3E2EC772AF48E35006E1645 /* NewExercise */ = {
			isa = PBXGroup;
			children = (
				D3E2EC782AF48E57006E1645 /* NewExerciseView.swift */,
			);
			path = NewExercise;
			sourceTree = "<group>";
		};
/* End PBXGroup section */

/* Begin PBXNativeTarget section */
		D3AB8DF02AF43CB200FED499 /* GymApp */ = {
			isa = PBXNativeTarget;
			buildConfigurationList = D3AB8E032AF43CB300FED499 /* Build configuration list for PBXNativeTarget "GymApp" */;
			buildPhases = (
				D3AB8DED2AF43CB200FED499 /* Sources */,
				D3AB8DEE2AF43CB200FED499 /* Frameworks */,
				D3AB8DEF2AF43CB200FED499 /* Resources */,
			);
			buildRules = (
			);
			dependencies = (
			);
			name = GymApp;
			productName = GymApp;
			productReference = D3AB8DF12AF43CB200FED499 /* GymApp.app */;
			productType = "com.apple.product-type.application";
		};
/* End PBXNativeTarget section */

/* Begin PBXProject section */
		D3AB8DE92AF43CB200FED499 /* Project object */ = {
			isa = PBXProject;
			attributes = {
				BuildIndependentTargetsInParallel = 1;
				LastSwiftUpdateCheck = 1500;
				LastUpgradeCheck = 1500;
				TargetAttributes = {
					D3AB8DF02AF43CB200FED499 = {
						CreatedOnToolsVersion = 15.0.1;
					};
				};
			};
			buildConfigurationList = D3AB8DEC2AF43CB200FED499 /* Build configuration list for PBXProject "GymApp" */;
			compatibilityVersion = "Xcode 14.0";
			developmentRegion = en;
			hasScannedForEncodings = 0;
			knownRegions = (
				en,
				Base,
			);
			mainGroup = D3AB8DE82AF43CB200FED499;
			productRefGroup = D3AB8DF22AF43CB200FED499 /* Products */;
			projectDirPath = "";
			projectRoot = "";
			targets = (
				D3AB8DF02AF43CB200FED499 /* GymApp */,
			);
		};
/* End PBXProject section */

/* Begin PBXResourcesBuildPhase section */
		D3AB8DEF2AF43CB200FED499 /* Resources */ = {
			isa = PBXResourcesBuildPhase;
			buildActionMask = 2147483647;
			files = (
				D3AB8DFE2AF43CB300FED499 /* Preview Assets.xcassets in Resources */,
				D3AB8DFB2AF43CB300FED499 /* Assets.xcassets in Resources */,
			);
			runOnlyForDeploymentPostprocessing = 0;
		};
/* End PBXResourcesBuildPhase section */

/* Begin PBXSourcesBuildPhase section */
		D3AB8DED2AF43CB200FED499 /* Sources */ = {
			isa = PBXSourcesBuildPhase;
			buildActionMask = 2147483647;
			files = (
				D3AB8E112AF43F5A00FED499 /* InicialExercisesView.swift in Sources */,
				D3AB8E132AF43F6B00FED499 /* InicialExercisesViewModel.swift in Sources */,
				D3AB8E172AF44E7100FED499 /* Teste.swift in Sources */,
				D3E2EC7B2AF494A5006E1645 /* Carga.swift in Sources */,
				D3AB8E092AF43D8400FED499 /* MainView.swift in Sources */,
				D3AB8E0B2AF43DC900FED499 /* PathType.swift in Sources */,
				D3E2EC792AF48E57006E1645 /* NewExerciseView.swift in Sources */,
				D3E2EC7D2AF494D6006E1645 /* MusculoEnum.swift in Sources */,
				D3AB8DF92AF43CB200FED499 /* Exercise.swift in Sources */,
				D3AB8DF52AF43CB200FED499 /* GymAppApp.swift in Sources */,
			);
			runOnlyForDeploymentPostprocessing = 0;
		};
/* End PBXSourcesBuildPhase section */

/* Begin XCBuildConfiguration section */
		D3AB8E012AF43CB300FED499 /* Debug */ = {
			isa = XCBuildConfiguration;
			buildSettings = {
				ALWAYS_SEARCH_USER_PATHS = NO;
				ASSETCATALOG_COMPILER_GENERATE_SWIFT_ASSET_SYMBOL_EXTENSIONS = YES;
				CLANG_ANALYZER_NONNULL = YES;
				CLANG_ANALYZER_NUMBER_OBJECT_CONVERSION = YES_AGGRESSIVE;
				CLANG_CXX_LANGUAGE_STANDARD = "gnu++20";
				CLANG_ENABLE_MODULES = YES;
				CLANG_ENABLE_OBJC_ARC = YES;
				CLANG_ENABLE_OBJC_WEAK = YES;
				CLANG_WARN_BLOCK_CAPTURE_AUTORELEASING = YES;
				CLANG_WARN_BOOL_CONVERSION = YES;
				CLANG_WARN_COMMA = YES;
				CLANG_WARN_CONSTANT_CONVERSION = YES;
				CLANG_WARN_DEPRECATED_OBJC_IMPLEMENTATIONS = YES;
				CLANG_WARN_DIRECT_OBJC_ISA_USAGE = YES_ERROR;
				CLANG_WARN_DOCUMENTATION_COMMENTS = YES;
				CLANG_WARN_EMPTY_BODY = YES;
				CLANG_WARN_ENUM_CONVERSION = YES;
				CLANG_WARN_INFINITE_RECURSION = YES;
				CLANG_WARN_INT_CONVERSION = YES;
				CLANG_WARN_NON_LITERAL_NULL_CONVERSION = YES;
				CLANG_WARN_OBJC_IMPLICIT_RETAIN_SELF = YES;
				CLANG_WARN_OBJC_LITERAL_CONVERSION = YES;
				CLANG_WARN_OBJC_ROOT_CLASS = YES_ERROR;
				CLANG_WARN_QUOTED_INCLUDE_IN_FRAMEWORK_HEADER = YES;
				CLANG_WARN_RANGE_LOOP_ANALYSIS = YES;
				CLANG_WARN_STRICT_PROTOTYPES = YES;
				CLANG_WARN_SUSPICIOUS_MOVE = YES;
				CLANG_WARN_UNGUARDED_AVAILABILITY = YES_AGGRESSIVE;
				CLANG_WARN_UNREACHABLE_CODE = YES;
				CLANG_WARN__DUPLICATE_METHOD_MATCH = YES;
				COPY_PHASE_STRIP = NO;
				DEBUG_INFORMATION_FORMAT = dwarf;
				ENABLE_STRICT_OBJC_MSGSEND = YES;
				ENABLE_TESTABILITY = YES;
				ENABLE_USER_SCRIPT_SANDBOXING = YES;
				GCC_C_LANGUAGE_STANDARD = gnu17;
				GCC_DYNAMIC_NO_PIC = NO;
				GCC_NO_COMMON_BLOCKS = YES;
				GCC_OPTIMIZATION_LEVEL = 0;
				GCC_PREPROCESSOR_DEFINITIONS = (
					"DEBUG=1",
					"$(inherited)",
				);
				GCC_WARN_64_TO_32_BIT_CONVERSION = YES;
				GCC_WARN_ABOUT_RETURN_TYPE = YES_ERROR;
				GCC_WARN_UNDECLARED_SELECTOR = YES;
				GCC_WARN_UNINITIALIZED_AUTOS = YES_AGGRESSIVE;
				GCC_WARN_UNUSED_FUNCTION = YES;
				GCC_WARN_UNUSED_VARIABLE = YES;
				IPHONEOS_DEPLOYMENT_TARGET = 17.0;
				LOCALIZATION_PREFERS_STRING_CATALOGS = YES;
				MTL_ENABLE_DEBUG_INFO = INCLUDE_SOURCE;
				MTL_FAST_MATH = YES;
				ONLY_ACTIVE_ARCH = YES;
				SDKROOT = iphoneos;
				SWIFT_ACTIVE_COMPILATION_CONDITIONS = "DEBUG $(inherited)";
				SWIFT_OPTIMIZATION_LEVEL = "-Onone";
			};
			name = Debug;
		};
		D3AB8E022AF43CB300FED499 /* Release */ = {
			isa = XCBuildConfiguration;
			buildSettings = {
				ALWAYS_SEARCH_USER_PATHS = NO;
				ASSETCATALOG_COMPILER_GENERATE_SWIFT_ASSET_SYMBOL_EXTENSIONS = YES;
				CLANG_ANALYZER_NONNULL = YES;
				CLANG_ANALYZER_NUMBER_OBJECT_CONVERSION = YES_AGGRESSIVE;
				CLANG_CXX_LANGUAGE_STANDARD = "gnu++20";
				CLANG_ENABLE_MODULES = YES;
				CLANG_ENABLE_OBJC_ARC = YES;
				CLANG_ENABLE_OBJC_WEAK = YES;
				CLANG_WARN_BLOCK_CAPTURE_AUTORELEASING = YES;
				CLANG_WARN_BOOL_CONVERSION = YES;
				CLANG_WARN_COMMA = YES;
				CLANG_WARN_CONSTANT_CONVERSION = YES;
				CLANG_WARN_DEPRECATED_OBJC_IMPLEMENTATIONS = YES;
				CLANG_WARN_DIRECT_OBJC_ISA_USAGE = YES_ERROR;
				CLANG_WARN_DOCUMENTATION_COMMENTS = YES;
				CLANG_WARN_EMPTY_BODY = YES;
				CLANG_WARN_ENUM_CONVERSION = YES;
				CLANG_WARN_INFINITE_RECURSION = YES;
				CLANG_WARN_INT_CONVERSION = YES;
				CLANG_WARN_NON_LITERAL_NULL_CONVERSION = YES;
				CLANG_WARN_OBJC_IMPLICIT_RETAIN_SELF = YES;
				CLANG_WARN_OBJC_LITERAL_CONVERSION = YES;
				CLANG_WARN_OBJC_ROOT_CLASS = YES_ERROR;
				CLANG_WARN_QUOTED_INCLUDE_IN_FRAMEWORK_HEADER = YES;
				CLANG_WARN_RANGE_LOOP_ANALYSIS = YES;
				CLANG_WARN_STRICT_PROTOTYPES = YES;
				CLANG_WARN_SUSPICIOUS_MOVE = YES;
				CLANG_WARN_UNGUARDED_AVAILABILITY = YES_AGGRESSIVE;
				CLANG_WARN_UNREACHABLE_CODE = YES;
				CLANG_WARN__DUPLICATE_METHOD_MATCH = YES;
				COPY_PHASE_STRIP = NO;
				DEBUG_INFORMATION_FORMAT = "dwarf-with-dsym";
				ENABLE_NS_ASSERTIONS = NO;
				ENABLE_STRICT_OBJC_MSGSEND = YES;
				ENABLE_USER_SCRIPT_SANDBOXING = YES;
				GCC_C_LANGUAGE_STANDARD = gnu17;
				GCC_NO_COMMON_BLOCKS = YES;
				GCC_WARN_64_TO_32_BIT_CONVERSION = YES;
				GCC_WARN_ABOUT_RETURN_TYPE = YES_ERROR;
				GCC_WARN_UNDECLARED_SELECTOR = YES;
				GCC_WARN_UNINITIALIZED_AUTOS = YES_AGGRESSIVE;
				GCC_WARN_UNUSED_FUNCTION = YES;
				GCC_WARN_UNUSED_VARIABLE = YES;
				IPHONEOS_DEPLOYMENT_TARGET = 17.0;
				LOCALIZATION_PREFERS_STRING_CATALOGS = YES;
				MTL_ENABLE_DEBUG_INFO = NO;
				MTL_FAST_MATH = YES;
				SDKROOT = iphoneos;
				SWIFT_COMPILATION_MODE = wholemodule;
				VALIDATE_PRODUCT = YES;
			};
			name = Release;
		};
		D3AB8E042AF43CB300FED499 /* Debug */ = {
			isa = XCBuildConfiguration;
			buildSettings = {
				ASSETCATALOG_COMPILER_APPICON_NAME = AppIcon;
				ASSETCATALOG_COMPILER_GLOBAL_ACCENT_COLOR_NAME = AccentColor;
				CODE_SIGN_ENTITLEMENTS = GymApp/GymApp.entitlements;
				CODE_SIGN_STYLE = Automatic;
				CURRENT_PROJECT_VERSION = 1;
				DEVELOPMENT_ASSET_PATHS = "\"GymApp/Preview Content\"";
				DEVELOPMENT_TEAM = KK45GWU9MA;
				ENABLE_PREVIEWS = YES;
				GENERATE_INFOPLIST_FILE = YES;
				INFOPLIST_FILE = GymApp/Info.plist;
				INFOPLIST_KEY_UIApplicationSceneManifest_Generation = YES;
				INFOPLIST_KEY_UIApplicationSupportsIndirectInputEvents = YES;
				INFOPLIST_KEY_UILaunchScreen_Generation = YES;
				INFOPLIST_KEY_UISupportedInterfaceOrientations_iPad = "UIInterfaceOrientationPortrait UIInterfaceOrientationPortraitUpsideDown UIInterfaceOrientationLandscapeLeft UIInterfaceOrientationLandscapeRight";
				INFOPLIST_KEY_UISupportedInterfaceOrientations_iPhone = "UIInterfaceOrientationPortrait UIInterfaceOrientationLandscapeLeft UIInterfaceOrientationLandscapeRight";
				LD_RUNPATH_SEARCH_PATHS = (
					"$(inherited)",
					"@executable_path/Frameworks",
				);
				MARKETING_VERSION = 1.0;
				PRODUCT_BUNDLE_IDENTIFIER = me.Leite.Gabriel.GymApp;
				PRODUCT_NAME = "$(TARGET_NAME)";
				SWIFT_EMIT_LOC_STRINGS = YES;
				SWIFT_VERSION = 5.0;
				TARGETED_DEVICE_FAMILY = "1,2";
			};
			name = Debug;
		};
		D3AB8E052AF43CB300FED499 /* Release */ = {
			isa = XCBuildConfiguration;
			buildSettings = {
				ASSETCATALOG_COMPILER_APPICON_NAME = AppIcon;
				ASSETCATALOG_COMPILER_GLOBAL_ACCENT_COLOR_NAME = AccentColor;
				CODE_SIGN_ENTITLEMENTS = GymApp/GymApp.entitlements;
				CODE_SIGN_STYLE = Automatic;
				CURRENT_PROJECT_VERSION = 1;
				DEVELOPMENT_ASSET_PATHS = "\"GymApp/Preview Content\"";
				DEVELOPMENT_TEAM = KK45GWU9MA;
				ENABLE_PREVIEWS = YES;
				GENERATE_INFOPLIST_FILE = YES;
				INFOPLIST_FILE = GymApp/Info.plist;
				INFOPLIST_KEY_UIApplicationSceneManifest_Generation = YES;
				INFOPLIST_KEY_UIApplicationSupportsIndirectInputEvents = YES;
				INFOPLIST_KEY_UILaunchScreen_Generation = YES;
				INFOPLIST_KEY_UISupportedInterfaceOrientations_iPad = "UIInterfaceOrientationPortrait UIInterfaceOrientationPortraitUpsideDown UIInterfaceOrientationLandscapeLeft UIInterfaceOrientationLandscapeRight";
				INFOPLIST_KEY_UISupportedInterfaceOrientations_iPhone = "UIInterfaceOrientationPortrait UIInterfaceOrientationLandscapeLeft UIInterfaceOrientationLandscapeRight";
				LD_RUNPATH_SEARCH_PATHS = (
					"$(inherited)",
					"@executable_path/Frameworks",
				);
				MARKETING_VERSION = 1.0;
				PRODUCT_BUNDLE_IDENTIFIER = me.Leite.Gabriel.GymApp;
				PRODUCT_NAME = "$(TARGET_NAME)";
				SWIFT_EMIT_LOC_STRINGS = YES;
				SWIFT_VERSION = 5.0;
				TARGETED_DEVICE_FAMILY = "1,2";
			};
			name = Release;
		};
/* End XCBuildConfiguration section */

/* Begin XCConfigurationList section */
		D3AB8DEC2AF43CB200FED499 /* Build configuration list for PBXProject "GymApp" */ = {
			isa = XCConfigurationList;
			buildConfigurations = (
				D3AB8E012AF43CB300FED499 /* Debug */,
				D3AB8E022AF43CB300FED499 /* Release */,
			);
			defaultConfigurationIsVisible = 0;
			defaultConfigurationName = Release;
		};
		D3AB8E032AF43CB300FED499 /* Build configuration list for PBXNativeTarget "GymApp" */ = {
			isa = XCConfigurationList;
			buildConfigurations = (
				D3AB8E042AF43CB300FED499 /* Debug */,
				D3AB8E052AF43CB300FED499 /* Release */,
			);
			defaultConfigurationIsVisible = 0;
			defaultConfigurationName = Release;
		};
/* End XCConfigurationList section */
	};
	rootObject = D3AB8DE92AF43CB200FED499 /* Project object */;
}
